PODS:
  - IQKeyboardManagerSwift (6.5.11)
  - OmiKit (1.5.35)
  - SDWebImage (5.15.8):
    - SDWebImage/Core (= 5.15.8)
  - SDWebImage/Core (5.15.8)

DEPENDENCIES:
  - IQKeyboardManagerSwift
  - OmiKit (~> 1.5.35)
  - SDWebImage (~> 5.0)

SPEC REPOS:
  trunk:
    - IQKeyboardManagerSwift
    - OmiKit
    - SDWebImage

SPEC CHECKSUMS:
  IQKeyboardManagerSwift: c7955c0bdbf7b2eb29bb7daaa44e3d90f55a9a85
  OmiKit: 077a2a76da27fb287d495836578b228a19af4987
  SDWebImage: cb032eba469c54e0000e78bcb0a13cdde0a52798

PODFILE CHECKSUM: f5472f025aafa8b29928bd05eced34a08bbf30c8

COCOAPODS: 1.11.3
