PODS:
  - IQKeyboardManagerSwift (6.5.11)
  - OmiKit (1.5.40)
  - SDWebImage (5.15.8):
    - SDWebImage/Core (= 5.15.8)
  - SDWebImage/Core (5.15.8)

DEPENDENCIES:
  - IQKeyboardManagerSwift
  - OmiKit (~> 1.5.40)
  - SDWebImage (~> 5.0)

SPEC REPOS:
  trunk:
    - IQKeyboardManagerSwift
    - OmiKit
    - SDWebImage

SPEC CHECKSUMS:
  IQKeyboardManagerSwift: c7955c0bdbf7b2eb29bb7daaa44e3d90f55a9a85
  OmiKit: 62c03db513f0face6aeea63d2c30c4209db01c36
  SDWebImage: cb032eba469c54e0000e78bcb0a13cdde0a52798

PODFILE CHECKSUM: 731d48cf338c153501bf679c201d38984c91ce70

COCOAPODS: 1.11.3
